
Microsoft Visual Studio Solution File, Format Version 12.00
# Visual Studio Version 17
VisualStudioVersion = 17.6.33815.320
MinimumVisualStudioVersion = 10.0.40219.1
Project("{FAE04EC0-301F-11D3-BF4B-00C04F79EFBC}") = "WebApplication1", "WebApplication1\WebApplication1.csproj", "{99AB7498-DD35-4A42-A55C-5D3288ADC820}"
EndProject
Global
	GlobalSection(SolutionConfigurationPlatforms) = preSolution
		Debug|Any CPU = Debug|Any CPU
		Release|Any CPU = Release|Any CPU
	EndGlobalSection
	GlobalSection(ProjectConfigurationPlatforms) = postSolution
		{99AB7498-DD35-4A42-A55C-5D3288ADC820}.Debug|Any CPU.ActiveCfg = Debug|Any CPU
		{99AB7498-DD35-4A42-A55C-5D3288ADC820}.Debug|Any CPU.Build.0 = Debug|Any CPU
		{99AB7498-DD35-4A42-A55C-5D3288ADC820}.Release|Any CPU.ActiveCfg = Release|Any CPU
		{99AB7498-DD35-4A42-A55C-5D3288ADC820}.Release|Any CPU.Build.0 = Release|Any CPU
	EndGlobalSection
	GlobalSection(SolutionProperties) = preSolution
		HideSolutionNode = FALSE
	EndGlobalSection
	GlobalSection(ExtensibilityGlobals) = postSolution
		SolutionGuid = {1FDD7407-A21C-476C-A5F8-703CFC354507}
	EndGlobalSection
EndGlobal
